{
  "originHash" : "684b8b5082087eb2f3aace127e4f0688eba713637621a03cccbd95efba2fd63b",
  "pins" : [
    {
      "identity" : "keychainaccess",
      "kind" : "remoteSourceControl",
      "location" : "https://github.com/kishikawakatsumi/KeychainAccess",
      "state" : {
        "branch" : "master",
        "revision" : "e0c7eebc5a4465a3c4680764f26b7a61f567cdaf"
      }
    },
    {
      "identity" : "swiftlintplugins",
      "kind" : "remoteSourceControl",
      "location" : "https://github.com/SimplyDanny/SwiftLintPlugins.git",
      "state" : {
        "revision" : "ecafb5b056cb7995324f0d310a61f30661d00cad",
        "version" : "0.62.2"
      }
    },
    {
      "identity" : "travelindesignsystem",
      "kind" : "remoteSourceControl",
      "location" : "https://github.com/iOS-Project-Lab2025/TravelinDesignSystem",
      "state" : {
        "branch" : "main",
        "revision" : "0d88b593a18a5fafa22e89693e8f4348d5706f01"
      }
    },
    {
      "identity" : "viewinspector",
      "kind" : "remoteSourceControl",
      "location" : "https://github.com/nalexn/ViewInspector",
      "state" : {
        "revision" : "e9a06346499a3a889165647e3f23f8a7b2609a1c",
        "version" : "0.10.3"
      }
    }
  ],
  "version" : 3
}
