{
  "originHash" : "b4d45b65d3c7248252df711325985f195c00908ed01c3b414fe8d79c8e122ee6",
  "pins" : [
    {
      "identity" : "keychainaccess",
      "kind" : "remoteSourceControl",
      "location" : "https://github.com/kishikawakatsumi/KeychainAccess",
      "state" : {
        "branch" : "master",
        "revision" : "e0c7eebc5a4465a3c4680764f26b7a61f567cdaf"
      }
    },
    {
      "identity" : "swiftlintplugins",
      "kind" : "remoteSourceControl",
      "location" : "https://github.com/SimplyDanny/SwiftLintPlugins.git",
      "state" : {
        "revision" : "ecafb5b056cb7995324f0d310a61f30661d00cad",
        "version" : "0.62.2"
      }
    },
    {
      "identity" : "travelindesignsystem",
      "kind" : "remoteSourceControl",
      "location" : "https://github.com/iOS-Project-Lab2025/TravelinDesignSystem",
      "state" : {
        "branch" : "main",
        "revision" : "0d88b593a18a5fafa22e89693e8f4348d5706f01"
      }
    }
  ],
  "version" : 3
}
