// !$*UTF8*$!
{
	archiveVersion = 1;
	classes = {
	};
	objectVersion = 77;
	objects = {

/* Begin PBXBuildFile section */
		642FF90D2EB82969005E613A /* KeychainAccess in Frameworks */ = {isa = PBXBuildFile; productRef = 642FF90C2EB82969005E613A /* KeychainAccess */; };
		64DF110A2ED4FB870055C94A /* TravelinDesignSystem in Frameworks */ = {isa = PBXBuildFile; productRef = 64DF11092ED4FB870055C94A /* TravelinDesignSystem */; };
/* End PBXBuildFile section */

/* Begin PBXContainerItemProxy section */
		E7A0C4BF2EA8076900ED8CB9 /* PBXContainerItemProxy */ = {
			isa = PBXContainerItemProxy;
			containerPortal = E7A0C4A82EA8076600ED8CB9 /* Project object */;
			proxyType = 1;
			remoteGlobalIDString = E7A0C4AF2EA8076600ED8CB9;
			remoteInfo = Traveling;
		};
		E7A0C4C92EA8076900ED8CB9 /* PBXContainerItemProxy */ = {
			isa = PBXContainerItemProxy;
			containerPortal = E7A0C4A82EA8076600ED8CB9 /* Project object */;
			proxyType = 1;
			remoteGlobalIDString = E7A0C4AF2EA8076600ED8CB9;
			remoteInfo = Traveling;
		};
/* End PBXContainerItemProxy section */

/* Begin PBXFileReference section */
		E7A0C4B02EA8076600ED8CB9 /* Traveling.app */ = {isa = PBXFileReference; explicitFileType = wrapper.application; includeInIndex = 0; path = Traveling.app; sourceTree = BUILT_PRODUCTS_DIR; };
		E7A0C4BE2EA8076900ED8CB9 /* TravelingTests.xctest */ = {isa = PBXFileReference; explicitFileType = wrapper.cfbundle; includeInIndex = 0; path = TravelingTests.xctest; sourceTree = BUILT_PRODUCTS_DIR; };
		E7A0C4C82EA8076900ED8CB9 /* TravelingUITests.xctest */ = {isa = PBXFileReference; explicitFileType = wrapper.cfbundle; includeInIndex = 0; path = TravelingUITests.xctest; sourceTree = BUILT_PRODUCTS_DIR; };
/* End PBXFileReference section */

/* Begin PBXFileSystemSynchronizedRootGroup section */
		E7A0C4B22EA8076600ED8CB9 /* Traveling */ = {
			isa = PBXFileSystemSynchronizedRootGroup;
			path = Traveling;
			sourceTree = "<group>";
		};
		E7A0C4C12EA8076900ED8CB9 /* TravelingTests */ = {
			isa = PBXFileSystemSynchronizedRootGroup;
			path = TravelingTests;
			sourceTree = "<group>";
		};
		E7A0C4CB2EA8076900ED8CB9 /* TravelingUITests */ = {
			isa = PBXFileSystemSynchronizedRootGroup;
			path = TravelingUITests;
			sourceTree = "<group>";
		};
/* End PBXFileSystemSynchronizedRootGroup section */

/* Begin PBXFrameworksBuildPhase section */
		E7A0C4AD2EA8076600ED8CB9 /* Frameworks */ = {
			isa = PBXFrameworksBuildPhase;
			buildActionMask = 2147483647;
			files = (
				64DF110A2ED4FB870055C94A /* TravelinDesignSystem in Frameworks */,
				642FF90D2EB82969005E613A /* KeychainAccess in Frameworks */,
			);
			runOnlyForDeploymentPostprocessing = 0;
		};
		E7A0C4BB2EA8076900ED8CB9 /* Frameworks */ = {
			isa = PBXFrameworksBuildPhase;
			buildActionMask = 2147483647;
			files = (
			);
			runOnlyForDeploymentPostprocessing = 0;
		};
		E7A0C4C52EA8076900ED8CB9 /* Frameworks */ = {
			isa = PBXFrameworksBuildPhase;
			buildActionMask = 2147483647;
			files = (
			);
			runOnlyForDeploymentPostprocessing = 0;
		};
/* End PBXFrameworksBuildPhase section */

/* Begin PBXGroup section */
		E7A0C4A72EA8076600ED8CB9 = {
			isa = PBXGroup;
			children = (
				E7A0C4B22EA8076600ED8CB9 /* Traveling */,
				E7A0C4C12EA8076900ED8CB9 /* TravelingTests */,
				E7A0C4CB2EA8076900ED8CB9 /* TravelingUITests */,
				E7A0C4B12EA8076600ED8CB9 /* Products */,
			);
			sourceTree = "<group>";
		};
		E7A0C4B12EA8076600ED8CB9 /* Products */ = {
			isa = PBXGroup;
			children = (
				E7A0C4B02EA8076600ED8CB9 /* Traveling.app */,
				E7A0C4BE2EA8076900ED8CB9 /* TravelingTests.xctest */,
				E7A0C4C82EA8076900ED8CB9 /* TravelingUITests.xctest */,
			);
			name = Products;
			sourceTree = "<group>";
		};
/* End PBXGroup section */

/* Begin PBXNativeTarget section */
		E7A0C4AF2EA8076600ED8CB9 /* Traveling */ = {
			isa = PBXNativeTarget;
			buildConfigurationList = E7A0C4D22EA8076900ED8CB9 /* Build configuration list for PBXNativeTarget "Traveling" */;
			buildPhases = (
				E7A0C4AC2EA8076600ED8CB9 /* Sources */,
				E7A0C4AD2EA8076600ED8CB9 /* Frameworks */,
				E7A0C4AE2EA8076600ED8CB9 /* Resources */,
			);
			buildRules = (
			);
			dependencies = (
				9AF07C292EAAA4740054106E /* PBXTargetDependency */,
			);
			fileSystemSynchronizedGroups = (
				E7A0C4B22EA8076600ED8CB9 /* Traveling */,
			);
			name = Traveling;
			packageProductDependencies = (
				642FF90C2EB82969005E613A /* KeychainAccess */,
				64DF11092ED4FB870055C94A /* TravelinDesignSystem */,
			);
			productName = Traveling;
			productReference = E7A0C4B02EA8076600ED8CB9 /* Traveling.app */;
			productType = "com.apple.product-type.application";
		};
		E7A0C4BD2EA8076900ED8CB9 /* TravelingTests */ = {
			isa = PBXNativeTarget;
			buildConfigurationList = E7A0C4D52EA8076900ED8CB9 /* Build configuration list for PBXNativeTarget "TravelingTests" */;
			buildPhases = (
				E7A0C4BA2EA8076900ED8CB9 /* Sources */,
				E7A0C4BB2EA8076900ED8CB9 /* Frameworks */,
				E7A0C4BC2EA8076900ED8CB9 /* Resources */,
			);
			buildRules = (
			);
			dependencies = (
				E7A0C4C02EA8076900ED8CB9 /* PBXTargetDependency */,
			);
			fileSystemSynchronizedGroups = (
				E7A0C4C12EA8076900ED8CB9 /* TravelingTests */,
			);
			name = TravelingTests;
			packageProductDependencies = (
			);
			productName = TravelingTests;
			productReference = E7A0C4BE2EA8076900ED8CB9 /* TravelingTests.xctest */;
			productType = "com.apple.product-type.bundle.unit-test";
		};
		E7A0C4C72EA8076900ED8CB9 /* TravelingUITests */ = {
			isa = PBXNativeTarget;
			buildConfigurationList = E7A0C4D82EA8076900ED8CB9 /* Build configuration list for PBXNativeTarget "TravelingUITests" */;
			buildPhases = (
				E7A0C4C42EA8076900ED8CB9 /* Sources */,
				E7A0C4C52EA8076900ED8CB9 /* Frameworks */,
				E7A0C4C62EA8076900ED8CB9 /* Resources */,
			);
			buildRules = (
			);
			dependencies = (
				E7A0C4CA2EA8076900ED8CB9 /* PBXTargetDependency */,
			);
			fileSystemSynchronizedGroups = (
				E7A0C4CB2EA8076900ED8CB9 /* TravelingUITests */,
			);
			name = TravelingUITests;
			packageProductDependencies = (
			);
			productName = TravelingUITests;
			productReference = E7A0C4C82EA8076900ED8CB9 /* TravelingUITests.xctest */;
			productType = "com.apple.product-type.bundle.ui-testing";
		};
/* End PBXNativeTarget section */

/* Begin PBXProject section */
		E7A0C4A82EA8076600ED8CB9 /* Project object */ = {
			isa = PBXProject;
			attributes = {
				BuildIndependentTargetsInParallel = 1;
				LastSwiftUpdateCheck = 1640;
				LastUpgradeCheck = 1640;
				TargetAttributes = {
					E7A0C4AF2EA8076600ED8CB9 = {
						CreatedOnToolsVersion = 16.4;
					};
					E7A0C4BD2EA8076900ED8CB9 = {
						CreatedOnToolsVersion = 16.4;
						TestTargetID = E7A0C4AF2EA8076600ED8CB9;
					};
					E7A0C4C72EA8076900ED8CB9 = {
						CreatedOnToolsVersion = 16.4;
						TestTargetID = E7A0C4AF2EA8076600ED8CB9;
					};
				};
			};
			buildConfigurationList = E7A0C4AB2EA8076600ED8CB9 /* Build configuration list for PBXProject "Traveling" */;
			developmentRegion = en;
			hasScannedForEncodings = 0;
			knownRegions = (
				en,
				Base,
			);
			mainGroup = E7A0C4A72EA8076600ED8CB9;
			minimizedProjectReferenceProxies = 1;
			packageReferences = (
				9AF07C272EAAA46C0054106E /* XCRemoteSwiftPackageReference "SwiftLintPlugins" */,
				642FF90B2EB82969005E613A /* XCRemoteSwiftPackageReference "KeychainAccess" */,
				64DF11082ED4FB870055C94A /* XCRemoteSwiftPackageReference "TravelinDesignSystem" */,
			);
			preferredProjectObjectVersion = 77;
			productRefGroup = E7A0C4B12EA8076600ED8CB9 /* Products */;
			projectDirPath = "";
			projectRoot = "";
			targets = (
				E7A0C4AF2EA8076600ED8CB9 /* Traveling */,
				E7A0C4BD2EA8076900ED8CB9 /* TravelingTests */,
				E7A0C4C72EA8076900ED8CB9 /* TravelingUITests */,
			);
		};
/* End PBXProject section */

/* Begin PBXResourcesBuildPhase section */
		E7A0C4AE2EA8076600ED8CB9 /* Resources */ = {
			isa = PBXResourcesBuildPhase;
			buildActionMask = 2147483647;
			files = (
			);
			runOnlyForDeploymentPostprocessing = 0;
		};
		E7A0C4BC2EA8076900ED8CB9 /* Resources */ = {
			isa = PBXResourcesBuildPhase;
			buildActionMask = 2147483647;
			files = (
			);
			runOnlyForDeploymentPostprocessing = 0;
		};
		E7A0C4C62EA8076900ED8CB9 /* Resources */ = {
			isa = PBXResourcesBuildPhase;
			buildActionMask = 2147483647;
			files = (
			);
			runOnlyForDeploymentPostprocessing = 0;
		};
/* End PBXResourcesBuildPhase section */

/* Begin PBXSourcesBuildPhase section */
		E7A0C4AC2EA8076600ED8CB9 /* Sources */ = {
			isa = PBXSourcesBuildPhase;
			buildActionMask = 2147483647;
			files = (
			);
			runOnlyForDeploymentPostprocessing = 0;
		};
		E7A0C4BA2EA8076900ED8CB9 /* Sources */ = {
			isa = PBXSourcesBuildPhase;
			buildActionMask = 2147483647;
			files = (
			);
			runOnlyForDeploymentPostprocessing = 0;
		};
		E7A0C4C42EA8076900ED8CB9 /* Sources */ = {
			isa = PBXSourcesBuildPhase;
			buildActionMask = 2147483647;
			files = (
			);
			runOnlyForDeploymentPostprocessing = 0;
		};
/* End PBXSourcesBuildPhase section */

/* Begin PBXTargetDependency section */
		9AF07C292EAAA4740054106E /* PBXTargetDependency */ = {
			isa = PBXTargetDependency;
			productRef = 9AF07C282EAAA4740054106E /* SwiftLintBuildToolPlugin */;
		};
		E7A0C4C02EA8076900ED8CB9 /* PBXTargetDependency */ = {
			isa = PBXTargetDependency;
			target = E7A0C4AF2EA8076600ED8CB9 /* Traveling */;
			targetProxy = E7A0C4BF2EA8076900ED8CB9 /* PBXContainerItemProxy */;
		};
		E7A0C4CA2EA8076900ED8CB9 /* PBXTargetDependency */ = {
			isa = PBXTargetDependency;
			target = E7A0C4AF2EA8076600ED8CB9 /* Traveling */;
			targetProxy = E7A0C4C92EA8076900ED8CB9 /* PBXContainerItemProxy */;
		};
/* End PBXTargetDependency section */

/* Begin XCBuildConfiguration section */
		E7A0C4D02EA8076900ED8CB9 /* Debug */ = {
			isa = XCBuildConfiguration;
			buildSettings = {
				ALWAYS_SEARCH_USER_PATHS = NO;
				ASSETCATALOG_COMPILER_GENERATE_SWIFT_ASSET_SYMBOL_EXTENSIONS = YES;
				CLANG_ANALYZER_NONNULL = YES;
				CLANG_ANALYZER_NUMBER_OBJECT_CONVERSION = YES_AGGRESSIVE;
				CLANG_CXX_LANGUAGE_STANDARD = "gnu++20";
				CLANG_ENABLE_MODULES = YES;
				CLANG_ENABLE_OBJC_ARC = YES;
				CLANG_ENABLE_OBJC_WEAK = YES;
				CLANG_WARN_BLOCK_CAPTURE_AUTORELEASING = YES;
				CLANG_WARN_BOOL_CONVERSION = YES;
				CLANG_WARN_COMMA = YES;
				CLANG_WARN_CONSTANT_CONVERSION = YES;
				CLANG_WARN_DEPRECATED_OBJC_IMPLEMENTATIONS = YES;
				CLANG_WARN_DIRECT_OBJC_ISA_USAGE = YES_ERROR;
				CLANG_WARN_DOCUMENTATION_COMMENTS = YES;
				CLANG_WARN_EMPTY_BODY = YES;
				CLANG_WARN_ENUM_CONVERSION = YES;
				CLANG_WARN_INFINITE_RECURSION = YES;
				CLANG_WARN_INT_CONVERSION = YES;
				CLANG_WARN_NON_LITERAL_NULL_CONVERSION = YES;
				CLANG_WARN_OBJC_IMPLICIT_RETAIN_SELF = YES;
				CLANG_WARN_OBJC_LITERAL_CONVERSION = YES;
				CLANG_WARN_OBJC_ROOT_CLASS = YES_ERROR;
				CLANG_WARN_QUOTED_INCLUDE_IN_FRAMEWORK_HEADER = YES;
				CLANG_WARN_RANGE_LOOP_ANALYSIS = YES;
				CLANG_WARN_STRICT_PROTOTYPES = YES;
				CLANG_WARN_SUSPICIOUS_MOVE = YES;
				CLANG_WARN_UNGUARDED_AVAILABILITY = YES_AGGRESSIVE;
				CLANG_WARN_UNREACHABLE_CODE = YES;
				CLANG_WARN__DUPLICATE_METHOD_MATCH = YES;
				COPY_PHASE_STRIP = NO;
				DEBUG_INFORMATION_FORMAT = dwarf;
				DEVELOPMENT_TEAM = HA6847M65W;
				ENABLE_STRICT_OBJC_MSGSEND = YES;
				ENABLE_TESTABILITY = YES;
				ENABLE_USER_SCRIPT_SANDBOXING = YES;
				GCC_C_LANGUAGE_STANDARD = gnu17;
				GCC_DYNAMIC_NO_PIC = NO;
				GCC_NO_COMMON_BLOCKS = YES;
				GCC_OPTIMIZATION_LEVEL = 0;
				GCC_PREPROCESSOR_DEFINITIONS = (
					"DEBUG=1",
					"$(inherited)",
				);
				GCC_WARN_64_TO_32_BIT_CONVERSION = YES;
				GCC_WARN_ABOUT_RETURN_TYPE = YES_ERROR;
				GCC_WARN_UNDECLARED_SELECTOR = YES;
				GCC_WARN_UNINITIALIZED_AUTOS = YES_AGGRESSIVE;
				GCC_WARN_UNUSED_FUNCTION = YES;
				GCC_WARN_UNUSED_VARIABLE = YES;
				LOCALIZATION_PREFERS_STRING_CATALOGS = YES;
				MTL_ENABLE_DEBUG_INFO = INCLUDE_SOURCE;
				MTL_FAST_MATH = YES;
				ONLY_ACTIVE_ARCH = YES;
				SWIFT_ACTIVE_COMPILATION_CONDITIONS = "DEBUG $(inherited)";
				SWIFT_OPTIMIZATION_LEVEL = "-Onone";
			};
			name = Debug;
		};
		E7A0C4D12EA8076900ED8CB9 /* Release */ = {
			isa = XCBuildConfiguration;
			buildSettings = {
				ALWAYS_SEARCH_USER_PATHS = NO;
				ASSETCATALOG_COMPILER_GENERATE_SWIFT_ASSET_SYMBOL_EXTENSIONS = YES;
				CLANG_ANALYZER_NONNULL = YES;
				CLANG_ANALYZER_NUMBER_OBJECT_CONVERSION = YES_AGGRESSIVE;
				CLANG_CXX_LANGUAGE_STANDARD = "gnu++20";
				CLANG_ENABLE_MODULES = YES;
				CLANG_ENABLE_OBJC_ARC = YES;
				CLANG_ENABLE_OBJC_WEAK = YES;
				CLANG_WARN_BLOCK_CAPTURE_AUTORELEASING = YES;
				CLANG_WARN_BOOL_CONVERSION = YES;
				CLANG_WARN_COMMA = YES;
				CLANG_WARN_CONSTANT_CONVERSION = YES;
				CLANG_WARN_DEPRECATED_OBJC_IMPLEMENTATIONS = YES;
				CLANG_WARN_DIRECT_OBJC_ISA_USAGE = YES_ERROR;
				CLANG_WARN_DOCUMENTATION_COMMENTS = YES;
				CLANG_WARN_EMPTY_BODY = YES;
				CLANG_WARN_ENUM_CONVERSION = YES;
				CLANG_WARN_INFINITE_RECURSION = YES;
				CLANG_WARN_INT_CONVERSION = YES;
				CLANG_WARN_NON_LITERAL_NULL_CONVERSION = YES;
				CLANG_WARN_OBJC_IMPLICIT_RETAIN_SELF = YES;
				CLANG_WARN_OBJC_LITERAL_CONVERSION = YES;
				CLANG_WARN_OBJC_ROOT_CLASS = YES_ERROR;
				CLANG_WARN_QUOTED_INCLUDE_IN_FRAMEWORK_HEADER = YES;
				CLANG_WARN_RANGE_LOOP_ANALYSIS = YES;
				CLANG_WARN_STRICT_PROTOTYPES = YES;
				CLANG_WARN_SUSPICIOUS_MOVE = YES;
				CLANG_WARN_UNGUARDED_AVAILABILITY = YES_AGGRESSIVE;
				CLANG_WARN_UNREACHABLE_CODE = YES;
				CLANG_WARN__DUPLICATE_METHOD_MATCH = YES;
				COPY_PHASE_STRIP = NO;
				DEBUG_INFORMATION_FORMAT = "dwarf-with-dsym";
				DEVELOPMENT_TEAM = HA6847M65W;
				ENABLE_NS_ASSERTIONS = NO;
				ENABLE_STRICT_OBJC_MSGSEND = YES;
				ENABLE_USER_SCRIPT_SANDBOXING = YES;
				GCC_C_LANGUAGE_STANDARD = gnu17;
				GCC_NO_COMMON_BLOCKS = YES;
				GCC_WARN_64_TO_32_BIT_CONVERSION = YES;
				GCC_WARN_ABOUT_RETURN_TYPE = YES_ERROR;
				GCC_WARN_UNDECLARED_SELECTOR = YES;
				GCC_WARN_UNINITIALIZED_AUTOS = YES_AGGRESSIVE;
				GCC_WARN_UNUSED_FUNCTION = YES;
				GCC_WARN_UNUSED_VARIABLE = YES;
				LOCALIZATION_PREFERS_STRING_CATALOGS = YES;
				MTL_ENABLE_DEBUG_INFO = NO;
				MTL_FAST_MATH = YES;
				SWIFT_COMPILATION_MODE = wholemodule;
			};
			name = Release;
		};
		E7A0C4D32EA8076900ED8CB9 /* Debug */ = {
			isa = XCBuildConfiguration;
			buildSettings = {
				ASSETCATALOG_COMPILER_APPICON_NAME = AppIcon;
				ASSETCATALOG_COMPILER_GLOBAL_ACCENT_COLOR_NAME = AccentColor;
				CODE_SIGN_ENTITLEMENTS = Traveling/Traveling.entitlements;
				CODE_SIGN_IDENTITY = "Apple Development";
				CODE_SIGN_STYLE = Automatic;
				CURRENT_PROJECT_VERSION = 1;
				DEVELOPMENT_TEAM = 3RC25YVKR4;
				ENABLE_HARDENED_RUNTIME = YES;
				ENABLE_PREVIEWS = YES;
				ENABLE_USER_SCRIPT_SANDBOXING = YES;
				GENERATE_INFOPLIST_FILE = YES;
				"INFOPLIST_KEY_UIApplicationSceneManifest_Generation[sdk=iphoneos*]" = YES;
				"INFOPLIST_KEY_UIApplicationSceneManifest_Generation[sdk=iphonesimulator*]" = YES;
				"INFOPLIST_KEY_UIApplicationSupportsIndirectInputEvents[sdk=iphoneos*]" = YES;
				"INFOPLIST_KEY_UIApplicationSupportsIndirectInputEvents[sdk=iphonesimulator*]" = YES;
				"INFOPLIST_KEY_UILaunchScreen_Generation[sdk=iphoneos*]" = YES;
				"INFOPLIST_KEY_UILaunchScreen_Generation[sdk=iphonesimulator*]" = YES;
				INFOPLIST_KEY_UILaunchStoryboardName = LaunchScreen.storyboard;
				"INFOPLIST_KEY_UIStatusBarStyle[sdk=iphoneos*]" = UIStatusBarStyleDefault;
				"INFOPLIST_KEY_UIStatusBarStyle[sdk=iphonesimulator*]" = UIStatusBarStyleDefault;
				INFOPLIST_KEY_UISupportedInterfaceOrientations = UIInterfaceOrientationPortrait;
				INFOPLIST_KEY_UISupportedInterfaceOrientations_iPad = "UIInterfaceOrientationLandscapeLeft UIInterfaceOrientationLandscapeRight UIInterfaceOrientationPortrait UIInterfaceOrientationPortraitUpsideDown";
				IPHONEOS_DEPLOYMENT_TARGET = 17.0;
				LD_RUNPATH_SEARCH_PATHS = "@executable_path/Frameworks";
				"LD_RUNPATH_SEARCH_PATHS[sdk=macosx*]" = "@executable_path/../Frameworks";
				MACOSX_DEPLOYMENT_TARGET = 15.5;
				MARKETING_VERSION = 1.0;
				PRODUCT_BUNDLE_IDENTIFIER = travelin;
				PRODUCT_NAME = "$(TARGET_NAME)";
				PROVISIONING_PROFILE_SPECIFIER = "";
				REGISTER_APP_GROUPS = YES;
				SDKROOT = auto;
				SUPPORTED_PLATFORMS = "iphoneos iphonesimulator";
				SUPPORTS_MACCATALYST = NO;
				SWIFT_EMIT_LOC_STRINGS = YES;
				SWIFT_VERSION = 5.0;
				TARGETED_DEVICE_FAMILY = 1;
				XROS_DEPLOYMENT_TARGET = 2.5;
			};
			name = Debug;
		};
		E7A0C4D42EA8076900ED8CB9 /* Release */ = {
			isa = XCBuildConfiguration;
			buildSettings = {
				ASSETCATALOG_COMPILER_APPICON_NAME = AppIcon;
				ASSETCATALOG_COMPILER_GLOBAL_ACCENT_COLOR_NAME = AccentColor;
				CODE_SIGN_ENTITLEMENTS = Traveling/Traveling.entitlements;
				CODE_SIGN_IDENTITY = "Apple Development";
				CODE_SIGN_STYLE = Automatic;
				CURRENT_PROJECT_VERSION = 1;
				DEVELOPMENT_TEAM = 3RC25YVKR4;
				ENABLE_HARDENED_RUNTIME = YES;
				ENABLE_PREVIEWS = YES;
				ENABLE_USER_SCRIPT_SANDBOXING = YES;
				GENERATE_INFOPLIST_FILE = YES;
				"INFOPLIST_KEY_UIApplicationSceneManifest_Generation[sdk=iphoneos*]" = YES;
				"INFOPLIST_KEY_UIApplicationSceneManifest_Generation[sdk=iphonesimulator*]" = YES;
				"INFOPLIST_KEY_UIApplicationSupportsIndirectInputEvents[sdk=iphoneos*]" = YES;
				"INFOPLIST_KEY_UIApplicationSupportsIndirectInputEvents[sdk=iphonesimulator*]" = YES;
				"INFOPLIST_KEY_UILaunchScreen_Generation[sdk=iphoneos*]" = YES;
				"INFOPLIST_KEY_UILaunchScreen_Generation[sdk=iphonesimulator*]" = YES;
				INFOPLIST_KEY_UILaunchStoryboardName = LaunchScreen.storyboard;
				"INFOPLIST_KEY_UIStatusBarStyle[sdk=iphoneos*]" = UIStatusBarStyleDefault;
				"INFOPLIST_KEY_UIStatusBarStyle[sdk=iphonesimulator*]" = UIStatusBarStyleDefault;
				INFOPLIST_KEY_UISupportedInterfaceOrientations = UIInterfaceOrientationPortrait;
				INFOPLIST_KEY_UISupportedInterfaceOrientations_iPad = "UIInterfaceOrientationLandscapeLeft UIInterfaceOrientationLandscapeRight UIInterfaceOrientationPortrait UIInterfaceOrientationPortraitUpsideDown";
				IPHONEOS_DEPLOYMENT_TARGET = 17.0;
				LD_RUNPATH_SEARCH_PATHS = "@executable_path/Frameworks";
				"LD_RUNPATH_SEARCH_PATHS[sdk=macosx*]" = "@executable_path/../Frameworks";
				MACOSX_DEPLOYMENT_TARGET = 15.5;
				MARKETING_VERSION = 1.0;
				PRODUCT_BUNDLE_IDENTIFIER = travelin;
				PRODUCT_NAME = "$(TARGET_NAME)";
				PROVISIONING_PROFILE_SPECIFIER = "";
				REGISTER_APP_GROUPS = YES;
				SDKROOT = auto;
				SUPPORTED_PLATFORMS = "iphoneos iphonesimulator";
				SUPPORTS_MACCATALYST = NO;
				SWIFT_EMIT_LOC_STRINGS = YES;
				SWIFT_VERSION = 5.0;
				TARGETED_DEVICE_FAMILY = 1;
				XROS_DEPLOYMENT_TARGET = 2.5;
			};
			name = Release;
		};
		E7A0C4D62EA8076900ED8CB9 /* Debug */ = {
			isa = XCBuildConfiguration;
			buildSettings = {
				BUNDLE_LOADER = "$(TEST_HOST)";
				CODE_SIGN_STYLE = Automatic;
				CURRENT_PROJECT_VERSION = 1;
				DEVELOPMENT_TEAM = 3RC25YVKR4;
				GENERATE_INFOPLIST_FILE = YES;
				IPHONEOS_DEPLOYMENT_TARGET = 18.5;
				MACOSX_DEPLOYMENT_TARGET = 15.5;
				MARKETING_VERSION = 1.0;
				PRODUCT_BUNDLE_IDENTIFIER = rod.dev.TravelingTests;
				PRODUCT_NAME = "$(TARGET_NAME)";
				SDKROOT = auto;
				SUPPORTED_PLATFORMS = "iphoneos iphonesimulator macosx xros xrsimulator";
				SWIFT_EMIT_LOC_STRINGS = NO;
				SWIFT_VERSION = 5.0;
				TARGETED_DEVICE_FAMILY = "1,2,7";
				TEST_HOST = "$(BUILT_PRODUCTS_DIR)/Traveling.app/$(BUNDLE_EXECUTABLE_FOLDER_PATH)/Traveling";
				XROS_DEPLOYMENT_TARGET = 2.5;
			};
			name = Debug;
		};
		E7A0C4D72EA8076900ED8CB9 /* Release */ = {
			isa = XCBuildConfiguration;
			buildSettings = {
				BUNDLE_LOADER = "$(TEST_HOST)";
				CODE_SIGN_STYLE = Automatic;
				CURRENT_PROJECT_VERSION = 1;
				DEVELOPMENT_TEAM = 3RC25YVKR4;
				GENERATE_INFOPLIST_FILE = YES;
				IPHONEOS_DEPLOYMENT_TARGET = 18.5;
				MACOSX_DEPLOYMENT_TARGET = 15.5;
				MARKETING_VERSION = 1.0;
				PRODUCT_BUNDLE_IDENTIFIER = rod.dev.TravelingTests;
				PRODUCT_NAME = "$(TARGET_NAME)";
				SDKROOT = auto;
				SUPPORTED_PLATFORMS = "iphoneos iphonesimulator macosx xros xrsimulator";
				SWIFT_EMIT_LOC_STRINGS = NO;
				SWIFT_VERSION = 5.0;
				TARGETED_DEVICE_FAMILY = "1,2,7";
				TEST_HOST = "$(BUILT_PRODUCTS_DIR)/Traveling.app/$(BUNDLE_EXECUTABLE_FOLDER_PATH)/Traveling";
				XROS_DEPLOYMENT_TARGET = 2.5;
			};
			name = Release;
		};
		E7A0C4D92EA8076900ED8CB9 /* Debug */ = {
			isa = XCBuildConfiguration;
			buildSettings = {
				CODE_SIGN_STYLE = Automatic;
				CURRENT_PROJECT_VERSION = 1;
				DEVELOPMENT_TEAM = 3RC25YVKR4;
				GENERATE_INFOPLIST_FILE = YES;
				IPHONEOS_DEPLOYMENT_TARGET = 18.5;
				MACOSX_DEPLOYMENT_TARGET = 15.5;
				MARKETING_VERSION = 1.0;
				PRODUCT_BUNDLE_IDENTIFIER = rod.dev.TravelingUITests;
				PRODUCT_NAME = "$(TARGET_NAME)";
				SDKROOT = auto;
				SUPPORTED_PLATFORMS = "iphoneos iphonesimulator macosx xros xrsimulator";
				SWIFT_EMIT_LOC_STRINGS = NO;
				SWIFT_VERSION = 5.0;
				TARGETED_DEVICE_FAMILY = "1,2,7";
				TEST_TARGET_NAME = Traveling;
				XROS_DEPLOYMENT_TARGET = 2.5;
			};
			name = Debug;
		};
		E7A0C4DA2EA8076900ED8CB9 /* Release */ = {
			isa = XCBuildConfiguration;
			buildSettings = {
				CODE_SIGN_STYLE = Automatic;
				CURRENT_PROJECT_VERSION = 1;
				DEVELOPMENT_TEAM = 3RC25YVKR4;
				GENERATE_INFOPLIST_FILE = YES;
				IPHONEOS_DEPLOYMENT_TARGET = 18.5;
				MACOSX_DEPLOYMENT_TARGET = 15.5;
				MARKETING_VERSION = 1.0;
				PRODUCT_BUNDLE_IDENTIFIER = rod.dev.TravelingUITests;
				PRODUCT_NAME = "$(TARGET_NAME)";
				SDKROOT = auto;
				SUPPORTED_PLATFORMS = "iphoneos iphonesimulator macosx xros xrsimulator";
				SWIFT_EMIT_LOC_STRINGS = NO;
				SWIFT_VERSION = 5.0;
				TARGETED_DEVICE_FAMILY = "1,2,7";
				TEST_TARGET_NAME = Traveling;
				XROS_DEPLOYMENT_TARGET = 2.5;
			};
			name = Release;
		};
/* End XCBuildConfiguration section */

/* Begin XCConfigurationList section */
		E7A0C4AB2EA8076600ED8CB9 /* Build configuration list for PBXProject "Traveling" */ = {
			isa = XCConfigurationList;
			buildConfigurations = (
				E7A0C4D02EA8076900ED8CB9 /* Debug */,
				E7A0C4D12EA8076900ED8CB9 /* Release */,
			);
			defaultConfigurationIsVisible = 0;
			defaultConfigurationName = Release;
		};
		E7A0C4D22EA8076900ED8CB9 /* Build configuration list for PBXNativeTarget "Traveling" */ = {
			isa = XCConfigurationList;
			buildConfigurations = (
				E7A0C4D32EA8076900ED8CB9 /* Debug */,
				E7A0C4D42EA8076900ED8CB9 /* Release */,
			);
			defaultConfigurationIsVisible = 0;
			defaultConfigurationName = Release;
		};
		E7A0C4D52EA8076900ED8CB9 /* Build configuration list for PBXNativeTarget "TravelingTests" */ = {
			isa = XCConfigurationList;
			buildConfigurations = (
				E7A0C4D62EA8076900ED8CB9 /* Debug */,
				E7A0C4D72EA8076900ED8CB9 /* Release */,
			);
			defaultConfigurationIsVisible = 0;
			defaultConfigurationName = Release;
		};
		E7A0C4D82EA8076900ED8CB9 /* Build configuration list for PBXNativeTarget "TravelingUITests" */ = {
			isa = XCConfigurationList;
			buildConfigurations = (
				E7A0C4D92EA8076900ED8CB9 /* Debug */,
				E7A0C4DA2EA8076900ED8CB9 /* Release */,
			);
			defaultConfigurationIsVisible = 0;
			defaultConfigurationName = Release;
		};
/* End XCConfigurationList section */

/* Begin XCRemoteSwiftPackageReference section */
		642FF90B2EB82969005E613A /* XCRemoteSwiftPackageReference "KeychainAccess" */ = {
			isa = XCRemoteSwiftPackageReference;
			repositoryURL = "https://github.com/kishikawakatsumi/KeychainAccess";
			requirement = {
				branch = master;
				kind = branch;
			};
		};
		64DF11082ED4FB870055C94A /* XCRemoteSwiftPackageReference "TravelinDesignSystem" */ = {
			isa = XCRemoteSwiftPackageReference;
			repositoryURL = "https://github.com/iOS-Project-Lab2025/TravelinDesignSystem";
			requirement = {
				branch = main;
				kind = branch;
			};
		};
		9AF07C272EAAA46C0054106E /* XCRemoteSwiftPackageReference "SwiftLintPlugins" */ = {
			isa = XCRemoteSwiftPackageReference;
			repositoryURL = "https://github.com/SimplyDanny/SwiftLintPlugins.git";
			requirement = {
				kind = upToNextMajorVersion;
				minimumVersion = 0.62.1;
			};
		};
/* End XCRemoteSwiftPackageReference section */

/* Begin XCSwiftPackageProductDependency section */
		642FF90C2EB82969005E613A /* KeychainAccess */ = {
			isa = XCSwiftPackageProductDependency;
			package = 642FF90B2EB82969005E613A /* XCRemoteSwiftPackageReference "KeychainAccess" */;
			productName = KeychainAccess;
		};
		64DF11092ED4FB870055C94A /* TravelinDesignSystem */ = {
			isa = XCSwiftPackageProductDependency;
			package = 64DF11082ED4FB870055C94A /* XCRemoteSwiftPackageReference "TravelinDesignSystem" */;
			productName = TravelinDesignSystem;
		};
		9AF07C282EAAA4740054106E /* SwiftLintBuildToolPlugin */ = {
			isa = XCSwiftPackageProductDependency;
			package = 9AF07C272EAAA46C0054106E /* XCRemoteSwiftPackageReference "SwiftLintPlugins" */;
			productName = "plugin:SwiftLintBuildToolPlugin";
		};
/* End XCSwiftPackageProductDependency section */
	};
	rootObject = E7A0C4A82EA8076600ED8CB9 /* Project object */;
}
